
Microsoft Visual Studio Solution File, Format Version 12.00
# Visual Studio Version 17
VisualStudioVersion = 17.0.32014.148
MinimumVisualStudioVersion = 10.0.40219.1
Project("{FAE04EC0-301F-11D3-BF4B-00C04F79EFBC}") = "OutfitGeneratorWeb", "OutfitGeneratorWeb\OutfitGeneratorWeb.csproj", "{826AD13E-2F64-40CE-B1C1-8C5B46A74E0B}"
EndProject
Global
	GlobalSection(SolutionConfigurationPlatforms) = preSolution
		Debug|Any CPU = Debug|Any CPU
		Release|Any CPU = Release|Any CPU
	EndGlobalSection
	GlobalSection(ProjectConfigurationPlatforms) = postSolution
		{826AD13E-2F64-40CE-B1C1-8C5B46A74E0B}.Debug|Any CPU.ActiveCfg = Debug|Any CPU
		{826AD13E-2F64-40CE-B1C1-8C5B46A74E0B}.Debug|Any CPU.Build.0 = Debug|Any CPU
		{826AD13E-2F64-40CE-B1C1-8C5B46A74E0B}.Release|Any CPU.ActiveCfg = Release|Any CPU
		{826AD13E-2F64-40CE-B1C1-8C5B46A74E0B}.Release|Any CPU.Build.0 = Release|Any CPU
	EndGlobalSection
	GlobalSection(SolutionProperties) = preSolution
		HideSolutionNode = FALSE
	EndGlobalSection
	GlobalSection(ExtensibilityGlobals) = postSolution
		SolutionGuid = {ED899D3E-DFD9-4089-8C94-50CFCF31C457}
	EndGlobalSection
EndGlobal
